{
  "name": "ariakit-visonaut-executor",
  "lockfileVersion": 3,
  "requires": true,
  "packages": {
    "": {
      "name": "ariakit-visonaut-executor",
      "dependencies": {
        "@playwright/test": "1.63.0",
        "@visonaut/playwright": "0.1.0",
        "visonaut": "0.1.0"
      }
    },
    "node_modules/@playwright/test": {
      "version": "1.63.0",
      "resolved": "https://registry.npmjs.org/@playwright/test/-/test-1.63.0.tgz",
      "integrity": "sha512-oxMK4vllB9RK5NQ2l1pq1IfOf2AvnEuj/vYGDj0H2nMtmtZpKtCwt/l00GEO6xjGfpBNAvjovvYdCm50dRQkpQ==",
      "license": "Apache-2.0",
      "dependencies": {
        "playwright": "1.63.0"
      },
      "bin": {
        "playwright": "cli.js"
      },
      "engines": {
        "node": ">=20"
      }
    },
    "node_modules/@visonaut/playwright": {
      "version": "0.1.0",
      "resolved": "https://registry.npmjs.org/@visonaut/playwright/-/playwright-0.1.0.tgz",
      "integrity": "sha512-3Rq/BXoVkENJwUBXI5Srm7i6M4wm+O7yKsSHeGoljXNrt1de1b/jEEuwwuVaDIPdIzOtzh/6Wou3oHk21vDqWg==",
      "license": "MIT",
      "dependencies": {
        "pngjs": "^7.0.0"
      },
      "engines": {
        "node": "24.18.0"
      },
      "peerDependencies": {
        "@playwright/test": "1.63.0"
      }
    },
    "node_modules/playwright": {
      "version": "1.63.0",
      "resolved": "https://registry.npmjs.org/playwright/-/playwright-1.63.0.tgz",
      "integrity": "sha512-+7ziBLidS4NaNCdt57SUDT+wYmmd5fmiQejUic/kb+YsYSCPyOOE9sebzMjNmQrsnNpDJqd4WHvV/8lfKfUDUg==",
      "license": "Apache-2.0",
      "dependencies": {
        "playwright-core": "1.63.0"
      },
      "bin": {
        "playwright": "cli.js"
      },
      "engines": {
        "node": ">=20"
      }
    },
    "node_modules/playwright-core": {
      "version": "1.63.0",
      "resolved": "https://registry.npmjs.org/playwright-core/-/playwright-core-1.63.0.tgz",
      "integrity": "sha512-rYCsBF/M5HjUch52bbtVONEFjv6Xu8sm8h72dNlR5bzIE1fvC/bxgspzkjSfU+MweEMmPM8KJebG6nnyxo5mCg==",
      "license": "Apache-2.0",
      "bin": {
        "playwright-core": "cli.js"
      },
      "engines": {
        "node": ">=20"
      }
    },
    "node_modules/pngjs": {
      "version": "7.0.0",
      "resolved": "https://registry.npmjs.org/pngjs/-/pngjs-7.0.0.tgz",
      "integrity": "sha512-LKWqWJRhstyYo9pGvgor/ivk2w94eSjE3RGVuzLGlr3NmD8bf7RcYGze1mNdEHRP6TRP6rMuDHk5t44hnTRyow==",
      "license": "MIT",
      "engines": {
        "node": ">=14.19.0"
      }
    },
    "node_modules/visonaut": {
      "version": "0.1.0",
      "resolved": "https://registry.npmjs.org/visonaut/-/visonaut-0.1.0.tgz",
      "integrity": "sha512-z8pz+lGX4jXmc4W8jD39GIdJCKWM3vMzN5ZTGtK1p/YJ1nok48FkB+f/TdbRmMVQt1MuErmDqWuvUYZwQrbdcw==",
      "license": "MIT",
      "bin": {
        "visonaut": "dist/bin.js"
      },
      "engines": {
        "node": ">=24.18.0 <25"
      }
    }
  }
}
